
Microsoft Visual Studio Solution File, Format Version 12.00
# Visual Studio 15
VisualStudioVersion = 15.0.28307.1585
MinimumVisualStudioVersion = 10.0.40219.1
Project("{8BC9CEB8-8B4A-11D0-8D11-00A0C91BC942}") = "T3chess", "T3chess\T3chess.vcxproj", "{5D262AFE-EFCA-4630-85B7-410FC466A14D}"
EndProject
Global
	GlobalSection(SolutionConfigurationPlatforms) = preSolution
		Debug|x64 = Debug|x64
		Debug|x86 = Debug|x86
		Release|x64 = Release|x64
		Release|x86 = Release|x86
	EndGlobalSection
	GlobalSection(ProjectConfigurationPlatforms) = postSolution
		{5D262AFE-EFCA-4630-85B7-410FC466A14D}.Debug|x64.ActiveCfg = Debug|x64
		{5D262AFE-EFCA-4630-85B7-410FC466A14D}.Debug|x64.Build.0 = Debug|x64
		{5D262AFE-EFCA-4630-85B7-410FC466A14D}.Debug|x86.ActiveCfg = Debug|Win32
		{5D262AFE-EFCA-4630-85B7-410FC466A14D}.Debug|x86.Build.0 = Debug|Win32
		{5D262AFE-EFCA-4630-85B7-410FC466A14D}.Release|x64.ActiveCfg = Release|x64
		{5D262AFE-EFCA-4630-85B7-410FC466A14D}.Release|x64.Build.0 = Release|x64
		{5D262AFE-EFCA-4630-85B7-410FC466A14D}.Release|x86.ActiveCfg = Release|Win32
		{5D262AFE-EFCA-4630-85B7-410FC466A14D}.Release|x86.Build.0 = Release|Win32
	EndGlobalSection
	GlobalSection(SolutionProperties) = preSolution
		HideSolutionNode = FALSE
	EndGlobalSection
	GlobalSection(ExtensibilityGlobals) = postSolution
		SolutionGuid = {BB3E1E0B-8A97-407C-A1BB-DAAA5817B567}
	EndGlobalSection
EndGlobal
